
Microsoft Visual Studio Solution File, Format Version 12.00
# Visual Studio 2015
Project("{FAE04EC0-301F-11D3-BF4B-00C04F79EFBC}") = "Ritual.CSharp.Plugins", "Ritual.CSharp.Plugins.csproj", "{77F698D4-BEDB-0A13-B167-13C4EAFC774A}"
EndProject
Project("{FAE04EC0-301F-11D3-BF4B-00C04F79EFBC}") = "Ritual.CSharp", "Ritual.CSharp.csproj", "{6FEC3709-62A5-E635-477F-A721CF8A5D97}"
EndProject
Project("{FAE04EC0-301F-11D3-BF4B-00C04F79EFBC}") = "Ritual.CSharp.Editor.Plugins", "Ritual.CSharp.Editor.Plugins.csproj", "{8F474F47-6ACB-1712-ACF0-D3129231ED2E}"
EndProject
Project("{FAE04EC0-301F-11D3-BF4B-00C04F79EFBC}") = "Ritual.CSharp.Editor", "Ritual.CSharp.Editor.csproj", "{82B32CBC-1C56-A24D-1362-5DE17E361491}"
EndProject
Global
	GlobalSection(SolutionConfigurationPlatforms) = preSolution
		Debug|Any CPU = Debug|Any CPU
		Release|Any CPU = Release|Any CPU
	EndGlobalSection
	GlobalSection(ProjectConfigurationPlatforms) = postSolution
		{77F698D4-BEDB-0A13-B167-13C4EAFC774A}.Debug|Any CPU.ActiveCfg = Debug|Any CPU
		{77F698D4-BEDB-0A13-B167-13C4EAFC774A}.Debug|Any CPU.Build.0 = Debug|Any CPU
		{77F698D4-BEDB-0A13-B167-13C4EAFC774A}.Release|Any CPU.ActiveCfg = Release|Any CPU
		{77F698D4-BEDB-0A13-B167-13C4EAFC774A}.Release|Any CPU.Build.0 = Release|Any CPU
		{6FEC3709-62A5-E635-477F-A721CF8A5D97}.Debug|Any CPU.ActiveCfg = Debug|Any CPU
		{6FEC3709-62A5-E635-477F-A721CF8A5D97}.Debug|Any CPU.Build.0 = Debug|Any CPU
		{6FEC3709-62A5-E635-477F-A721CF8A5D97}.Release|Any CPU.ActiveCfg = Release|Any CPU
		{6FEC3709-62A5-E635-477F-A721CF8A5D97}.Release|Any CPU.Build.0 = Release|Any CPU
		{8F474F47-6ACB-1712-ACF0-D3129231ED2E}.Debug|Any CPU.ActiveCfg = Debug|Any CPU
		{8F474F47-6ACB-1712-ACF0-D3129231ED2E}.Debug|Any CPU.Build.0 = Debug|Any CPU
		{8F474F47-6ACB-1712-ACF0-D3129231ED2E}.Release|Any CPU.ActiveCfg = Release|Any CPU
		{8F474F47-6ACB-1712-ACF0-D3129231ED2E}.Release|Any CPU.Build.0 = Release|Any CPU
		{82B32CBC-1C56-A24D-1362-5DE17E361491}.Debug|Any CPU.ActiveCfg = Debug|Any CPU
		{82B32CBC-1C56-A24D-1362-5DE17E361491}.Debug|Any CPU.Build.0 = Debug|Any CPU
		{82B32CBC-1C56-A24D-1362-5DE17E361491}.Release|Any CPU.ActiveCfg = Release|Any CPU
		{82B32CBC-1C56-A24D-1362-5DE17E361491}.Release|Any CPU.Build.0 = Release|Any CPU
	EndGlobalSection
	GlobalSection(SolutionProperties) = preSolution
		HideSolutionNode = FALSE
	EndGlobalSection
EndGlobal
